
Microsoft Visual Studio Solution File, Format Version 12.00
# Visual Studio Version 16
VisualStudioVersion = 16.0.30128.36
MinimumVisualStudioVersion = 10.0.40219.1
Project("{FAE04EC0-301F-11D3-BF4B-00C04F79EFBC}") = "LicenceServer.WebApp", "LicenceServer.WebApp\LicenceServer.WebApp.csproj", "{B34B9A75-6573-435C-B7AA-94094C5D4347}"
EndProject
Project("{FAE04EC0-301F-11D3-BF4B-00C04F79EFBC}") = "LicenceManager.Core", "LicenceManager.Core\LicenceManager.Core.csproj", "{691ADB6B-C77C-425A-BDED-69801FC547B4}"
EndProject
Project("{FAE04EC0-301F-11D3-BF4B-00C04F79EFBC}") = "LicenceManager.Persistence", "LicenceManager.Persistence\LicenceManager.Persistence.csproj", "{39CBF1DC-BB93-4F13-86C2-F16576208E01}"
EndProject
Project("{FAE04EC0-301F-11D3-BF4B-00C04F79EFBC}") = "LicenceServer.ImportLicences", "LicenceServer.ImportLicences\LicenceServer.ImportLicences.csproj", "{B0E548D8-16F3-40C5-AC94-732F2A08A2C2}"
EndProject
Global
	GlobalSection(SolutionConfigurationPlatforms) = preSolution
		Debug|Any CPU = Debug|Any CPU
		Release|Any CPU = Release|Any CPU
	EndGlobalSection
	GlobalSection(ProjectConfigurationPlatforms) = postSolution
		{B34B9A75-6573-435C-B7AA-94094C5D4347}.Debug|Any CPU.ActiveCfg = Debug|Any CPU
		{B34B9A75-6573-435C-B7AA-94094C5D4347}.Debug|Any CPU.Build.0 = Debug|Any CPU
		{B34B9A75-6573-435C-B7AA-94094C5D4347}.Release|Any CPU.ActiveCfg = Release|Any CPU
		{B34B9A75-6573-435C-B7AA-94094C5D4347}.Release|Any CPU.Build.0 = Release|Any CPU
		{691ADB6B-C77C-425A-BDED-69801FC547B4}.Debug|Any CPU.ActiveCfg = Debug|Any CPU
		{691ADB6B-C77C-425A-BDED-69801FC547B4}.Debug|Any CPU.Build.0 = Debug|Any CPU
		{691ADB6B-C77C-425A-BDED-69801FC547B4}.Release|Any CPU.ActiveCfg = Release|Any CPU
		{691ADB6B-C77C-425A-BDED-69801FC547B4}.Release|Any CPU.Build.0 = Release|Any CPU
		{39CBF1DC-BB93-4F13-86C2-F16576208E01}.Debug|Any CPU.ActiveCfg = Debug|Any CPU
		{39CBF1DC-BB93-4F13-86C2-F16576208E01}.Debug|Any CPU.Build.0 = Debug|Any CPU
		{39CBF1DC-BB93-4F13-86C2-F16576208E01}.Release|Any CPU.ActiveCfg = Release|Any CPU
		{39CBF1DC-BB93-4F13-86C2-F16576208E01}.Release|Any CPU.Build.0 = Release|Any CPU
		{B0E548D8-16F3-40C5-AC94-732F2A08A2C2}.Debug|Any CPU.ActiveCfg = Debug|Any CPU
		{B0E548D8-16F3-40C5-AC94-732F2A08A2C2}.Debug|Any CPU.Build.0 = Debug|Any CPU
		{B0E548D8-16F3-40C5-AC94-732F2A08A2C2}.Release|Any CPU.ActiveCfg = Release|Any CPU
		{B0E548D8-16F3-40C5-AC94-732F2A08A2C2}.Release|Any CPU.Build.0 = Release|Any CPU
	EndGlobalSection
	GlobalSection(SolutionProperties) = preSolution
		HideSolutionNode = FALSE
	EndGlobalSection
	GlobalSection(ExtensibilityGlobals) = postSolution
		SolutionGuid = {52E8DC0E-C8BE-4A88-BB4C-2CE1480C70C4}
	EndGlobalSection
EndGlobal
